
Microsoft Visual Studio Solution File, Format Version 12.00
# Visual Studio 2012
Project("{F14B399A-7131-4C87-9E4B-1186C45EF12D}") = "OrderReports", "OrderReports\OrderReports.rptproj", "{F9887B44-B6EF-40F7-83CB-52D8A828AF28}"
EndProject
Global
	GlobalSection(SolutionConfigurationPlatforms) = preSolution
		Debug|Default = Debug|Default
		DebugLocal|Default = DebugLocal|Default
		Release|Default = Release|Default
	EndGlobalSection
	GlobalSection(ProjectConfigurationPlatforms) = postSolution
		{F9887B44-B6EF-40F7-83CB-52D8A828AF28}.Debug|Default.ActiveCfg = Debug
		{F9887B44-B6EF-40F7-83CB-52D8A828AF28}.Debug|Default.Build.0 = Debug
		{F9887B44-B6EF-40F7-83CB-52D8A828AF28}.Debug|Default.Deploy.0 = Debug
		{F9887B44-B6EF-40F7-83CB-52D8A828AF28}.DebugLocal|Default.ActiveCfg = DebugLocal
		{F9887B44-B6EF-40F7-83CB-52D8A828AF28}.DebugLocal|Default.Build.0 = DebugLocal
		{F9887B44-B6EF-40F7-83CB-52D8A828AF28}.Release|Default.ActiveCfg = Release
		{F9887B44-B6EF-40F7-83CB-52D8A828AF28}.Release|Default.Build.0 = Release
		{F9887B44-B6EF-40F7-83CB-52D8A828AF28}.Release|Default.Deploy.0 = Release
	EndGlobalSection
	GlobalSection(SolutionProperties) = preSolution
		HideSolutionNode = FALSE
	EndGlobalSection
EndGlobal
